{
  "lockfileVersion": 1,
  "configVersion": 1,
  "workspaces": {
    "": {
      "dependencies": {
        "konva": "^10.3.0",
      },
    },
  },
  "packages": {
    "konva": ["konva@10.3.0", "", {}, "sha512-gt19K2gzY4lHbnkvsku7eSmB+A9PTS2jG4F9coBMsdjM1UKfJNxJbDbXVpeCW1wjEGRwBD3nBamcHnqJhAeKlg=="],
  }
}
